
Microsoft Visual Studio Solution File, Format Version 12.00
# Visual Studio 15
VisualStudioVersion = 15.0.28307.136
MinimumVisualStudioVersion = 10.0.40219.1
Project("{8BC9CEB8-8B4A-11D0-8D11-00A0C91BC942}") = "P15", "P15\P15.vcxproj", "{B56908E8-2C3D-4A1D-837A-6F6860D66603}"
EndProject
Global
	GlobalSection(SolutionConfigurationPlatforms) = preSolution
		Debug|x64 = Debug|x64
		Debug|x86 = Debug|x86
		Release|x64 = Release|x64
		Release|x86 = Release|x86
	EndGlobalSection
	GlobalSection(ProjectConfigurationPlatforms) = postSolution
		{B56908E8-2C3D-4A1D-837A-6F6860D66603}.Debug|x64.ActiveCfg = Debug|x64
		{B56908E8-2C3D-4A1D-837A-6F6860D66603}.Debug|x64.Build.0 = Debug|x64
		{B56908E8-2C3D-4A1D-837A-6F6860D66603}.Debug|x86.ActiveCfg = Debug|Win32
		{B56908E8-2C3D-4A1D-837A-6F6860D66603}.Debug|x86.Build.0 = Debug|Win32
		{B56908E8-2C3D-4A1D-837A-6F6860D66603}.Release|x64.ActiveCfg = Release|x64
		{B56908E8-2C3D-4A1D-837A-6F6860D66603}.Release|x64.Build.0 = Release|x64
		{B56908E8-2C3D-4A1D-837A-6F6860D66603}.Release|x86.ActiveCfg = Release|Win32
		{B56908E8-2C3D-4A1D-837A-6F6860D66603}.Release|x86.Build.0 = Release|Win32
	EndGlobalSection
	GlobalSection(SolutionProperties) = preSolution
		HideSolutionNode = FALSE
	EndGlobalSection
	GlobalSection(ExtensibilityGlobals) = postSolution
		SolutionGuid = {57E0B0C3-CD92-4CDE-A814-D5B70A126D10}
	EndGlobalSection
EndGlobal
